
Microsoft Visual Studio Solution File, Format Version 12.00
# Visual Studio Version 17
VisualStudioVersion = 17.2.32630.192
MinimumVisualStudioVersion = 10.0.40219.1
Project("{FAE04EC0-301F-11D3-BF4B-00C04F79EFBC}") = "TimeRobot", "TimeRobot.csproj", "{0089D2D4-9E8C-40B2-8B3F-46A1E30DADDC}"
EndProject
Global
	GlobalSection(SolutionConfigurationPlatforms) = preSolution
		Debug|Any CPU = Debug|Any CPU
		Release|Any CPU = Release|Any CPU
	EndGlobalSection
	GlobalSection(ProjectConfigurationPlatforms) = postSolution
		{0089D2D4-9E8C-40B2-8B3F-46A1E30DADDC}.Debug|Any CPU.ActiveCfg = Debug|Any CPU
		{0089D2D4-9E8C-40B2-8B3F-46A1E30DADDC}.Debug|Any CPU.Build.0 = Debug|Any CPU
		{0089D2D4-9E8C-40B2-8B3F-46A1E30DADDC}.Release|Any CPU.ActiveCfg = Release|Any CPU
		{0089D2D4-9E8C-40B2-8B3F-46A1E30DADDC}.Release|Any CPU.Build.0 = Release|Any CPU
	EndGlobalSection
	GlobalSection(SolutionProperties) = preSolution
		HideSolutionNode = FALSE
	EndGlobalSection
	GlobalSection(ExtensibilityGlobals) = postSolution
		SolutionGuid = {A63820FC-DF55-49BB-87CD-6D246818F8AB}
	EndGlobalSection
EndGlobal
